
Microsoft Visual Studio Solution File, Format Version 12.00
# Visual Studio Version 17
VisualStudioVersion = 17.5.002.0
MinimumVisualStudioVersion = 10.0.40219.1
Project("{9A19103F-16F7-4668-BE54-9A1E7A4F7556}") = "HelloApp", "HelloApp\HelloApp.csproj", "{31E76BCB-0B92-40B1-9992-7ED0384BE1CD}"
EndProject
Global
	GlobalSection(SolutionConfigurationPlatforms) = preSolution
		Debug|Any CPU = Debug|Any CPU
		Release|Any CPU = Release|Any CPU
	EndGlobalSection
	GlobalSection(ProjectConfigurationPlatforms) = postSolution
		{31E76BCB-0B92-40B1-9992-7ED0384BE1CD}.Debug|Any CPU.ActiveCfg = Debug|Any CPU
		{31E76BCB-0B92-40B1-9992-7ED0384BE1CD}.Debug|Any CPU.Build.0 = Debug|Any CPU
		{31E76BCB-0B92-40B1-9992-7ED0384BE1CD}.Release|Any CPU.ActiveCfg = Release|Any CPU
		{31E76BCB-0B92-40B1-9992-7ED0384BE1CD}.Release|Any CPU.Build.0 = Release|Any CPU
	EndGlobalSection
	GlobalSection(SolutionProperties) = preSolution
		HideSolutionNode = FALSE
	EndGlobalSection
	GlobalSection(ExtensibilityGlobals) = postSolution
		SolutionGuid = {A570FB0A-5D96-446B-958A-DBB4FF9E9697}
	EndGlobalSection
EndGlobal
